<?xml version="1.0" encoding="utf-8"?>
<Project ToolsVersion="4.0" xmlns="http://schemas.microsoft.com/developer/msbuild/2003">
  <ItemGroup>
    <Filter Include="Source Files">
      <UniqueIdentifier>{4FC737F1-C7A5-4376-A066-2A32D752A2FF}</UniqueIdentifier>
      <Extensions>cpp;c;cc;cxx;def;odl;idl;hpj;bat;asm;asmx</Extensions>
    </Filter>
    <Filter Include="Header Files">
      <UniqueIdentifier>{93995380-89BD-4b04-88EB-625FBE52EBFB}</UniqueIdentifier>
      <Extensions>h;hpp;hxx;hm;inl;inc;xsd</Extensions>
    </Filter>
    <Filter Include="Resource Files">
      <UniqueIdentifier>{67DA6AB6-F800-4c08-8B7A-83BB121AAD01}</UniqueIdentifier>
      <Extensions>rc;ico;cur;bmp;dlg;rc2;rct;bin;rgs;gif;jpg;jpeg;jpe;resx;tiff;tif;png;wav;mfcribbon-ms</Extensions>
    </Filter>
    <Filter Include="Header Files\World">
      <UniqueIdentifier>{4ba586b0-41b2-4491-8555-23daacc74151}</UniqueIdentifier>
    </Filter>
    <Filter Include="Header Files\Assets">
      <UniqueIdentifier>{1e0739d4-56b7-4403-9cc9-056e48d2e41d}</UniqueIdentifier>
    </Filter>
    <Filter Include="Source Files\Assets">
      <UniqueIdentifier>{6bf9a46e-17e0-41f3-96c0-c9f199845fdf}</UniqueIdentifier>
    </Filter>
    <Filter Include="Header Files\Math">
      <UniqueIdentifier>{b86a3444-bb46-4780-bb36-80cda977adf0}</UniqueIdentifier>
    </Filter>
    <Filter Include="Header Files\Menus">
      <UniqueIdentifier>{81cd0178-d42b-41b0-a3dd-f8cdc9a08093}</UniqueIdentifier>
    </Filter>
    <Filter Include="Header Files\Events">
      <UniqueIdentifier>{a4f94e7e-17cd-48e2-b047-b5a4cb4dd79b}</UniqueIdentifier>
    </Filter>
    <Filter Include="Header Files\Graphics">
      <UniqueIdentifier>{e7141e3c-7b55-4235-83d3-ceed6b2ddabe}</UniqueIdentifier>
    </Filter>
    <Filter Include="Source Files\Math">
      <UniqueIdentifier>{9ea4f28f-882e-4c82-b051-49ee22298801}</UniqueIdentifier>
    </Filter>
    <Filter Include="Source Files\Graphics">
      <UniqueIdentifier>{19a56e96-092b-474e-933d-86d37f865380}</UniqueIdentifier>
    </Filter>
    <Filter Include="Source Files\Events">
      <UniqueIdentifier>{cf378ed0-c58b-498b-b910-f07fcfc56a07}</UniqueIdentifier>
    </Filter>
    <Filter Include="Source Files\Menus">
      <UniqueIdentifier>{a639fb8b-c96f-4287-8d5a-c84d78640316}</UniqueIdentifier>
    </Filter>
    <Filter Include="Header Files\World\Levels">
      <UniqueIdentifier>{2bfb8dcd-26ea-4c13-8a03-5e6bf40cf856}</UniqueIdentifier>
    </Filter>
    <Filter Include="Source Files\World">
      <UniqueIdentifier>{cefceb1a-d243-44b7-809f-cf78fe966e70}</UniqueIdentifier>
    </Filter>
    <Filter Include="Source Files\World\Levels">
      <UniqueIdentifier>{6c6316a9-5347-488b-94b2-8eb5ed5fd8da}</UniqueIdentifier>
    </Filter>
    <Filter Include="Header Files\World\Objects">
      <UniqueIdentifier>{f1a197d6-1d5f-48fe-8638-0967104d65cb}</UniqueIdentifier>
    </Filter>
    <Filter Include="Header Files\World\AI">
      <UniqueIdentifier>{8292bace-f52f-4aac-b75a-f3b82fa5bcd2}</UniqueIdentifier>
    </Filter>
    <Filter Include="Source Files\World\Objects">
      <UniqueIdentifier>{3bad4cc1-35e7-4df9-9772-d29034afda90}</UniqueIdentifier>
    </Filter>
    <Filter Include="Source Files\World\AI">
      <UniqueIdentifier>{3ed60aea-6399-4f88-af5a-e25362f29911}</UniqueIdentifier>
    </Filter>
  </ItemGroup>
  <ItemGroup>
    <ClInclude Include="include\Errors.h">
      <Filter>Header Files</Filter>
    </ClInclude>
    <ClInclude Include="include\Helpers.h">
      <Filter>Header Files</Filter>
    </ClInclude>
    <ClInclude Include="include\Logging.h">
      <Filter>Header Files</Filter>
    </ClInclude>
    <ClInclude Include="include\CollapseDef.h">
      <Filter>Header Files</Filter>
    </ClInclude>
    <ClInclude Include="include\Timer.h">
      <Filter>Header Files</Filter>
    </ClInclude>
    <ClInclude Include="include\Assets\Asset.h">
      <Filter>Header Files\Assets</Filter>
    </ClInclude>
    <ClInclude Include="include\Math\Math.h">
      <Filter>Header Files\Math</Filter>
    </ClInclude>
    <ClInclude Include="include\Math\MathDef.h">
      <Filter>Header Files\Math</Filter>
    </ClInclude>
    <ClInclude Include="include\Math\Shapes.h">
      <Filter>Header Files\Math</Filter>
    </ClInclude>
    <ClInclude Include="include\Math\Vector.h">
      <Filter>Header Files\Math</Filter>
    </ClInclude>
    <ClInclude Include="include\Math\Matrix.h">
      <Filter>Header Files\Math</Filter>
    </ClInclude>
    <ClInclude Include="include\Math\Ray.h">
      <Filter>Header Files\Math</Filter>
    </ClInclude>
    <ClInclude Include="include\Assets\Entity.h">
      <Filter>Header Files\Assets</Filter>
    </ClInclude>
    <ClInclude Include="include\Assets\Sound2D.h">
      <Filter>Header Files\Assets</Filter>
    </ClInclude>
    <ClInclude Include="include\Assets\Font.h">
      <Filter>Header Files\Assets</Filter>
    </ClInclude>
    <ClInclude Include="include\Math\Collider.h">
      <Filter>Header Files\Math</Filter>
    </ClInclude>
    <ClInclude Include="include\Menus\Menu.h">
      <Filter>Header Files\Menus</Filter>
    </ClInclude>
    <ClInclude Include="include\Menus\MenuManager.h">
      <Filter>Header Files\Menus</Filter>
    </ClInclude>
    <ClInclude Include="include\GameEvent.h">
      <Filter>Header Files\Events</Filter>
    </ClInclude>
    <ClInclude Include="include\GameEventHandler.h">
      <Filter>Header Files\Events</Filter>
    </ClInclude>
    <ClInclude Include="include\SystemEvents.h">
      <Filter>Header Files\Events</Filter>
    </ClInclude>
    <ClInclude Include="include\Graphics.h">
      <Filter>Header Files\Graphics</Filter>
    </ClInclude>
    <ClInclude Include="include\Window.h">
      <Filter>Header Files\Graphics</Filter>
    </ClInclude>
    <ClInclude Include="include\Engine.h">
      <Filter>Header Files</Filter>
    </ClInclude>
    <ClInclude Include="include\World\World.h">
      <Filter>Header Files\World</Filter>
    </ClInclude>
    <ClInclude Include="include\Assets\MusicPlayer.h">
      <Filter>Header Files\Assets</Filter>
    </ClInclude>
    <ClInclude Include="include\Assets\AudioAssetManager.h">
      <Filter>Header Files\Assets</Filter>
    </ClInclude>
    <ClInclude Include="include\Assets\TextureAssetManager.h">
      <Filter>Header Files\Assets</Filter>
    </ClInclude>
    <ClInclude Include="include\Assets\AssetManagers.h">
      <Filter>Header Files\Assets</Filter>
    </ClInclude>
    <ClInclude Include="include\Assets\FontAssetManager.h">
      <Filter>Header Files\Assets</Filter>
    </ClInclude>
    <ClInclude Include="include\World\Levels\AIMap.h">
      <Filter>Header Files\World\Levels</Filter>
    </ClInclude>
    <ClInclude Include="include\World\Levels\CollisionMap.h">
      <Filter>Header Files\World\Levels</Filter>
    </ClInclude>
    <ClInclude Include="include\World\Levels\Map.h">
      <Filter>Header Files\World\Levels</Filter>
    </ClInclude>
    <ClInclude Include="include\World\Levels\TerrainMap.h">
      <Filter>Header Files\World\Levels</Filter>
    </ClInclude>
    <ClInclude Include="include\World\Objects\BaseTank.h">
      <Filter>Header Files\World\Objects</Filter>
    </ClInclude>
    <ClInclude Include="include\World\Objects\Bullet.h">
      <Filter>Header Files\World\Objects</Filter>
    </ClInclude>
    <ClInclude Include="include\World\Objects\Player.h">
      <Filter>Header Files\World\Objects</Filter>
    </ClInclude>
    <ClInclude Include="include\World\AI\BaseEnemy.h">
      <Filter>Header Files\World\AI</Filter>
    </ClInclude>
    <ClInclude Include="include\World\AI\Pathfinder.h">
      <Filter>Header Files\World\AI</Filter>
    </ClInclude>
    <ClInclude Include="include\World\AI\Tank.h">
      <Filter>Header Files\World\AI</Filter>
    </ClInclude>
    <ClInclude Include="include\Shader.h">
      <Filter>Header Files\Graphics</Filter>
    </ClInclude>
    <ClInclude Include="include\Lighting.h">
      <Filter>Header Files\Graphics</Filter>
    </ClInclude>
  </ItemGroup>
  <ItemGroup>
    <ClCompile Include="src\Errors.cpp">
      <Filter>Source Files</Filter>
    </ClCompile>
    <ClCompile Include="src\Helpers.cpp">
      <Filter>Source Files</Filter>
    </ClCompile>
    <ClCompile Include="src\Collapse2200.cpp">
      <Filter>Source Files</Filter>
    </ClCompile>
    <ClCompile Include="src\Logging.cpp">
      <Filter>Source Files</Filter>
    </ClCompile>
    <ClCompile Include="src\Assets\Asset.cpp">
      <Filter>Source Files\Assets</Filter>
    </ClCompile>
    <ClCompile Include="src\Assets\Entity.cpp">
      <Filter>Source Files\Assets</Filter>
    </ClCompile>
    <ClCompile Include="src\Assets\Font.cpp">
      <Filter>Source Files\Assets</Filter>
    </ClCompile>
    <ClCompile Include="src\Assets\Sound2D.cpp">
      <Filter>Source Files\Assets</Filter>
    </ClCompile>
    <ClCompile Include="src\Math\Collider.cpp">
      <Filter>Source Files\Math</Filter>
    </ClCompile>
    <ClCompile Include="src\Math\Matrix.cpp">
      <Filter>Source Files\Math</Filter>
    </ClCompile>
    <ClCompile Include="src\Math\Ray2.cpp">
      <Filter>Source Files\Math</Filter>
    </ClCompile>
    <ClCompile Include="src\Math\Shapes.cpp">
      <Filter>Source Files\Math</Filter>
    </ClCompile>
    <ClCompile Include="src\Math\MathDef.cpp">
      <Filter>Source Files\Math</Filter>
    </ClCompile>
    <ClCompile Include="src\Math\Vector2.cpp">
      <Filter>Source Files\Math</Filter>
    </ClCompile>
    <ClCompile Include="src\Graphics.cpp">
      <Filter>Source Files\Graphics</Filter>
    </ClCompile>
    <ClCompile Include="src\Window.cpp">
      <Filter>Source Files\Graphics</Filter>
    </ClCompile>
    <ClCompile Include="src\SystemEvents.cpp">
      <Filter>Source Files\Events</Filter>
    </ClCompile>
    <ClCompile Include="src\Menus\Menu.cpp">
      <Filter>Source Files\Menus</Filter>
    </ClCompile>
    <ClCompile Include="src\Engine.cpp">
      <Filter>Source Files</Filter>
    </ClCompile>
    <ClCompile Include="src\Timer.cpp">
      <Filter>Source Files</Filter>
    </ClCompile>
    <ClCompile Include="src\Assets\MusicPlayer.cpp">
      <Filter>Source Files\Assets</Filter>
    </ClCompile>
    <ClCompile Include="src\Menus\MenuManager.cpp">
      <Filter>Source Files\Menus</Filter>
    </ClCompile>
    <ClCompile Include="src\Assets\AudioAssetManager.cpp">
      <Filter>Source Files\Assets</Filter>
    </ClCompile>
    <ClCompile Include="src\Assets\TextureAssetManager.cpp">
      <Filter>Source Files\Assets</Filter>
    </ClCompile>
    <ClCompile Include="src\Assets\FontAssetManager.cpp">
      <Filter>Source Files\Assets</Filter>
    </ClCompile>
    <ClCompile Include="src\World\Levels\AIMap.cpp">
      <Filter>Source Files\World\Levels</Filter>
    </ClCompile>
    <ClCompile Include="src\World\Levels\CollisionMap.cpp">
      <Filter>Source Files\World\Levels</Filter>
    </ClCompile>
    <ClCompile Include="src\World\Levels\Map.cpp">
      <Filter>Source Files\World\Levels</Filter>
    </ClCompile>
    <ClCompile Include="src\World\Levels\TerrainMap.cpp">
      <Filter>Source Files\World\Levels</Filter>
    </ClCompile>
    <ClCompile Include="src\World\World.cpp">
      <Filter>Source Files\World</Filter>
    </ClCompile>
    <ClCompile Include="src\World\AI\BaseEnemy.cpp">
      <Filter>Source Files\World\AI</Filter>
    </ClCompile>
    <ClCompile Include="src\World\AI\Pathfinder.cpp">
      <Filter>Source Files\World\AI</Filter>
    </ClCompile>
    <ClCompile Include="src\World\AI\Tank.cpp">
      <Filter>Source Files\World\AI</Filter>
    </ClCompile>
    <ClCompile Include="src\World\Objects\BaseTank.cpp">
      <Filter>Source Files\World\Objects</Filter>
    </ClCompile>
    <ClCompile Include="src\World\Objects\Bullet.cpp">
      <Filter>Source Files\World\Objects</Filter>
    </ClCompile>
    <ClCompile Include="src\World\Objects\Player.cpp">
      <Filter>Source Files\World\Objects</Filter>
    </ClCompile>
    <ClCompile Include="src\Shader.cpp">
      <Filter>Source Files\Graphics</Filter>
    </ClCompile>
    <ClCompile Include="src\Lighting.cpp">
      <Filter>Source Files</Filter>
    </ClCompile>
  </ItemGroup>
</Project>